
Microsoft Visual Studio Solution File, Format Version 12.00
# Visual Studio Version 16
VisualStudioVersion = 16.0.30621.155
MinimumVisualStudioVersion = 10.0.40219.1
Project("{2150E333-8FDC-42A3-9474-1A3956D46DE8}") = "src", "src", "{C4F8ADD3-F649-4F75-A2EE-5399F211DB5C}"
EndProject
Project("{9A19103F-16F7-4668-BE54-9A1E7A4F7556}") = "Aloji.AspNetCore.Testing", "src\Aloji.AspNetCore.Testing\Aloji.AspNetCore.Testing.csproj", "{99E56F95-C9A1-427F-9933-9F3D7A4C2BD2}"
EndProject
Project("{9A19103F-16F7-4668-BE54-9A1E7A4F7556}") = "Aloji.AspNetCore.Testing.NSubstitute", "src\Aloji.AspNetCore.Testing.NSubstitute\Aloji.AspNetCore.Testing.NSubstitute.csproj", "{C6BE59B3-8277-44E4-AF7B-19C600125F50}"
EndProject
Project("{2150E333-8FDC-42A3-9474-1A3956D46DE8}") = "samples", "samples", "{28769AD9-E6D1-484A-8A97-8D5A4768A63E}"
EndProject
Project("{9A19103F-16F7-4668-BE54-9A1E7A4F7556}") = "Aloji.AspNetCore.Testing.UnitTests", "tests\Aloji.AspNetCore.Testing.UnitTests\Aloji.AspNetCore.Testing.UnitTests.csproj", "{B1209307-AEEC-43BB-BDC4-BD44CA24D606}"
EndProject
Project("{2150E333-8FDC-42A3-9474-1A3956D46DE8}") = "tests", "tests", "{DA67A7A1-FDD3-4AD3-ADAA-F0D94E2A038D}"
EndProject
Project("{2150E333-8FDC-42A3-9474-1A3956D46DE8}") = "netcoreapp3.1", "netcoreapp3.1", "{F6233986-6879-4ABD-B335-8F3FD595F2DE}"
EndProject
Project("{2150E333-8FDC-42A3-9474-1A3956D46DE8}") = "net5.0", "net5.0", "{1795F8BA-528D-49EA-A7C4-205C02C3DAC5}"
EndProject
Project("{9A19103F-16F7-4668-BE54-9A1E7A4F7556}") = "TodoApi", "samples\netcoreapp3.1\TodoApi\TodoApi.csproj", "{323070FF-366B-4B0E-95BB-58B23D2FF363}"
EndProject
Project("{9A19103F-16F7-4668-BE54-9A1E7A4F7556}") = "TodoApi.Tests", "samples\netcoreapp3.1\TodoApi.Tests\TodoApi.Tests.csproj", "{88ECF2E1-21EE-438E-ACE1-4C9F7FFA934B}"
EndProject
Project("{9A19103F-16F7-4668-BE54-9A1E7A4F7556}") = "TodoApi.net5.0", "samples\net5.0\TodoApi.net5.0\TodoApi.net5.0.csproj", "{DD410951-8E17-46F2-9FB3-51A7759123A9}"
EndProject
Project("{FAE04EC0-301F-11D3-BF4B-00C04F79EFBC}") = "TodoApi.net5.0.Tests", "samples\net5.0\TodoApi.net5.0.Tests\TodoApi.net5.0.Tests.csproj", "{468561ED-2B16-4EA7-838B-1846603A1BE1}"
EndProject
Global
	GlobalSection(SolutionConfigurationPlatforms) = preSolution
		Debug|Any CPU = Debug|Any CPU
		Release|Any CPU = Release|Any CPU
	EndGlobalSection
	GlobalSection(ProjectConfigurationPlatforms) = postSolution
		{99E56F95-C9A1-427F-9933-9F3D7A4C2BD2}.Debug|Any CPU.ActiveCfg = Debug|Any CPU
		{99E56F95-C9A1-427F-9933-9F3D7A4C2BD2}.Debug|Any CPU.Build.0 = Debug|Any CPU
		{99E56F95-C9A1-427F-9933-9F3D7A4C2BD2}.Release|Any CPU.ActiveCfg = Release|Any CPU
		{99E56F95-C9A1-427F-9933-9F3D7A4C2BD2}.Release|Any CPU.Build.0 = Release|Any CPU
		{C6BE59B3-8277-44E4-AF7B-19C600125F50}.Debug|Any CPU.ActiveCfg = Debug|Any CPU
		{C6BE59B3-8277-44E4-AF7B-19C600125F50}.Debug|Any CPU.Build.0 = Debug|Any CPU
		{C6BE59B3-8277-44E4-AF7B-19C600125F50}.Release|Any CPU.ActiveCfg = Release|Any CPU
		{C6BE59B3-8277-44E4-AF7B-19C600125F50}.Release|Any CPU.Build.0 = Release|Any CPU
		{B1209307-AEEC-43BB-BDC4-BD44CA24D606}.Debug|Any CPU.ActiveCfg = Debug|Any CPU
		{B1209307-AEEC-43BB-BDC4-BD44CA24D606}.Debug|Any CPU.Build.0 = Debug|Any CPU
		{B1209307-AEEC-43BB-BDC4-BD44CA24D606}.Release|Any CPU.ActiveCfg = Release|Any CPU
		{B1209307-AEEC-43BB-BDC4-BD44CA24D606}.Release|Any CPU.Build.0 = Release|Any CPU
		{323070FF-366B-4B0E-95BB-58B23D2FF363}.Debug|Any CPU.ActiveCfg = Debug|Any CPU
		{323070FF-366B-4B0E-95BB-58B23D2FF363}.Debug|Any CPU.Build.0 = Debug|Any CPU
		{323070FF-366B-4B0E-95BB-58B23D2FF363}.Release|Any CPU.ActiveCfg = Release|Any CPU
		{323070FF-366B-4B0E-95BB-58B23D2FF363}.Release|Any CPU.Build.0 = Release|Any CPU
		{88ECF2E1-21EE-438E-ACE1-4C9F7FFA934B}.Debug|Any CPU.ActiveCfg = Debug|Any CPU
		{88ECF2E1-21EE-438E-ACE1-4C9F7FFA934B}.Debug|Any CPU.Build.0 = Debug|Any CPU
		{88ECF2E1-21EE-438E-ACE1-4C9F7FFA934B}.Release|Any CPU.ActiveCfg = Release|Any CPU
		{88ECF2E1-21EE-438E-ACE1-4C9F7FFA934B}.Release|Any CPU.Build.0 = Release|Any CPU
		{DD410951-8E17-46F2-9FB3-51A7759123A9}.Debug|Any CPU.ActiveCfg = Debug|Any CPU
		{DD410951-8E17-46F2-9FB3-51A7759123A9}.Debug|Any CPU.Build.0 = Debug|Any CPU
		{DD410951-8E17-46F2-9FB3-51A7759123A9}.Release|Any CPU.ActiveCfg = Release|Any CPU
		{DD410951-8E17-46F2-9FB3-51A7759123A9}.Release|Any CPU.Build.0 = Release|Any CPU
		{468561ED-2B16-4EA7-838B-1846603A1BE1}.Debug|Any CPU.ActiveCfg = Debug|Any CPU
		{468561ED-2B16-4EA7-838B-1846603A1BE1}.Debug|Any CPU.Build.0 = Debug|Any CPU
		{468561ED-2B16-4EA7-838B-1846603A1BE1}.Release|Any CPU.ActiveCfg = Release|Any CPU
		{468561ED-2B16-4EA7-838B-1846603A1BE1}.Release|Any CPU.Build.0 = Release|Any CPU
	EndGlobalSection
	GlobalSection(SolutionProperties) = preSolution
		HideSolutionNode = FALSE
	EndGlobalSection
	GlobalSection(NestedProjects) = preSolution
		{99E56F95-C9A1-427F-9933-9F3D7A4C2BD2} = {C4F8ADD3-F649-4F75-A2EE-5399F211DB5C}
		{C6BE59B3-8277-44E4-AF7B-19C600125F50} = {C4F8ADD3-F649-4F75-A2EE-5399F211DB5C}
		{B1209307-AEEC-43BB-BDC4-BD44CA24D606} = {DA67A7A1-FDD3-4AD3-ADAA-F0D94E2A038D}
		{F6233986-6879-4ABD-B335-8F3FD595F2DE} = {28769AD9-E6D1-484A-8A97-8D5A4768A63E}
		{1795F8BA-528D-49EA-A7C4-205C02C3DAC5} = {28769AD9-E6D1-484A-8A97-8D5A4768A63E}
		{323070FF-366B-4B0E-95BB-58B23D2FF363} = {F6233986-6879-4ABD-B335-8F3FD595F2DE}
		{88ECF2E1-21EE-438E-ACE1-4C9F7FFA934B} = {F6233986-6879-4ABD-B335-8F3FD595F2DE}
		{DD410951-8E17-46F2-9FB3-51A7759123A9} = {1795F8BA-528D-49EA-A7C4-205C02C3DAC5}
		{468561ED-2B16-4EA7-838B-1846603A1BE1} = {1795F8BA-528D-49EA-A7C4-205C02C3DAC5}
	EndGlobalSection
	GlobalSection(ExtensibilityGlobals) = postSolution
		SolutionGuid = {92098228-8EA9-4232-86C5-FA459F372535}
	EndGlobalSection
EndGlobal
